<?xml version="1.0" encoding="UTF-8"?>
<Scheme
   LastUpgradeVersion = "1630"
   version = "1.7">
   <BuildAction
      parallelizeBuildables = "YES"
      buildImplicitDependencies = "YES"
      buildArchitectures = "Automatic">
      <BuildActionEntries>
         <BuildActionEntry
            buildForTesting = "YES"
            buildForRunning = "YES"
            buildForProfiling = "YES"
            buildForArchiving = "YES"
            buildForAnalyzing = "YES">
            <BuildableReference
               BuildableIdentifier = "primary"
               BlueprintIdentifier = "F9C02B122DB0ED1F00D6665F"
               BuildableName = "SpeechCraft.app"
               BlueprintName = "SpeechCraft"
               ReferencedContainer = "container:SpeechCraft.xcodeproj">
            </BuildableReference>
         </BuildActionEntry>
      </BuildActionEntries>
   </BuildAction>
   <TestAction
      buildConfiguration = "Debug"
      selectedDebuggerIdentifier = "Xcode.DebuggerFoundation.Debugger.LLDB"
      selectedLauncherIdentifier = "Xcode.DebuggerFoundation.Launcher.LLDB"
      shouldUseLaunchSchemeArgsEnv = "YES"
      shouldAutocreateTestPlan = "YES">
   </TestAction>
   <LaunchAction
      buildConfiguration = "Debug"
      selectedDebuggerIdentifier = "Xcode.DebuggerFoundation.Debugger.LLDB"
      selectedLauncherIdentifier = "Xcode.DebuggerFoundation.Launcher.LLDB"
      launchStyle = "0"
      useCustomWorkingDirectory = "NO"
      ignoresPersistentStateOnLaunch = "NO"
      debugDocumentVersioning = "YES"
      debugServiceExtension = "internal"
      allowLocationSimulation = "YES">
      <BuildableProductRunnable
         runnableDebuggingMode = "0">
         <BuildableReference
            BuildableIdentifier = "primary"
            BlueprintIdentifier = "F9C02B122DB0ED1F00D6665F"
            BuildableName = "SpeechCraft.app"
            BlueprintName = "SpeechCraft"
            ReferencedContainer = "container:SpeechCraft.xcodeproj">
         </BuildableReference>
      </BuildableProductRunnable>
      <EnvironmentVariables>
         <EnvironmentVariable
            key = "AZURE_OPENAI_KEY"
            value = "62IkEVT8Jrt5wEuBaiGg1CKZzJxT4xdIPTc7YLirvtjzWotQYkM3JQQJ99BAACHYHv6XJ3w3AAAAACOGOjxb"
            isEnabled = "YES">
         </EnvironmentVariable>
         <EnvironmentVariable
            key = "AZURE_OPENAI_ENDPOINT"
            value = "https://ai-mail7742ai761150325854.openai.azure.com/openai/deployments/gpt-4o-transcribe/audio/transcriptions?api-version=2025-03-01-preview"
            isEnabled = "YES">
         </EnvironmentVariable>
         <EnvironmentVariable
            key = "AZURE_OPENAI_CHAT_ENDPOINT"
            value = "https://ai-mail7742ai761150325854.openai.azure.com/openai/deployments/gpt-4o/chat/completions?api-version=2025-01-01-preview"
            isEnabled = "YES">
         </EnvironmentVariable>
      </EnvironmentVariables>
   </LaunchAction>
   <ProfileAction
      buildConfiguration = "Release"
      shouldUseLaunchSchemeArgsEnv = "YES"
      savedToolIdentifier = ""
      useCustomWorkingDirectory = "NO"
      debugDocumentVersioning = "YES">
      <BuildableProductRunnable
         runnableDebuggingMode = "0">
         <BuildableReference
            BuildableIdentifier = "primary"
            BlueprintIdentifier = "F9C02B122DB0ED1F00D6665F"
            BuildableName = "SpeechCraft.app"
            BlueprintName = "SpeechCraft"
            ReferencedContainer = "container:SpeechCraft.xcodeproj">
         </BuildableReference>
      </BuildableProductRunnable>
   </ProfileAction>
   <AnalyzeAction
      buildConfiguration = "Debug">
   </AnalyzeAction>
   <ArchiveAction
      buildConfiguration = "Release"
      customArchiveName = "SpeechCraft"
      revealArchiveInOrganizer = "YES">
   </ArchiveAction>
</Scheme>
